
Microsoft Visual Studio Solution File, Format Version 12.00
# Visual Studio Version 16
VisualStudioVersion = 16.0.30804.86
MinimumVisualStudioVersion = 10.0.40219.1
Project("{FAE04EC0-301F-11D3-BF4B-00C04F79EFBC}") = "GeneralKnowledge", "GeneralKnowledge\GeneralKnowledge.csproj", "{5F67AFCF-CFA1-4309-9893-F67BF24AFD12}"
EndProject
Global
	GlobalSection(SolutionConfigurationPlatforms) = preSolution
		Debug|Any CPU = Debug|Any CPU
		Release|Any CPU = Release|Any CPU
	EndGlobalSection
	GlobalSection(ProjectConfigurationPlatforms) = postSolution
		{5F67AFCF-CFA1-4309-9893-F67BF24AFD12}.Debug|Any CPU.ActiveCfg = Debug|Any CPU
		{5F67AFCF-CFA1-4309-9893-F67BF24AFD12}.Debug|Any CPU.Build.0 = Debug|Any CPU
		{5F67AFCF-CFA1-4309-9893-F67BF24AFD12}.Release|Any CPU.ActiveCfg = Release|Any CPU
		{5F67AFCF-CFA1-4309-9893-F67BF24AFD12}.Release|Any CPU.Build.0 = Release|Any CPU
	EndGlobalSection
	GlobalSection(SolutionProperties) = preSolution
		HideSolutionNode = FALSE
	EndGlobalSection
	GlobalSection(ExtensibilityGlobals) = postSolution
		SolutionGuid = {D86167CC-A330-4C07-9F8F-EB6E85D2EE4B}
	EndGlobalSection
EndGlobal
